
Microsoft Visual Studio Solution File, Format Version 12.00
# Visual Studio Version 17
VisualStudioVersion = 17.13.35931.197 d17.13
MinimumVisualStudioVersion = 10.0.40219.1
Project("{FAE04EC0-301F-11D3-BF4B-00C04F79EFBC}") = "EventHubWebsite", "EventHubWebsite.csproj", "{CAFCE2A3-6CFA-7312-18A3-9F0F6653AB13}"
EndProject
Global
	GlobalSection(SolutionConfigurationPlatforms) = preSolution
		Debug|Any CPU = Debug|Any CPU
		Release|Any CPU = Release|Any CPU
	EndGlobalSection
	GlobalSection(ProjectConfigurationPlatforms) = postSolution
		{CAFCE2A3-6CFA-7312-18A3-9F0F6653AB13}.Debug|Any CPU.ActiveCfg = Debug|Any CPU
		{CAFCE2A3-6CFA-7312-18A3-9F0F6653AB13}.Debug|Any CPU.Build.0 = Debug|Any CPU
		{CAFCE2A3-6CFA-7312-18A3-9F0F6653AB13}.Release|Any CPU.ActiveCfg = Release|Any CPU
		{CAFCE2A3-6CFA-7312-18A3-9F0F6653AB13}.Release|Any CPU.Build.0 = Release|Any CPU
	EndGlobalSection
	GlobalSection(SolutionProperties) = preSolution
		HideSolutionNode = FALSE
	EndGlobalSection
	GlobalSection(ExtensibilityGlobals) = postSolution
		SolutionGuid = {055054A1-AFDA-4909-9D6D-94070152FB43}
	EndGlobalSection
EndGlobal
